
Microsoft Visual Studio Solution File, Format Version 12.00
# Visual Studio Version 16
VisualStudioVersion = 16.0.31105.61
MinimumVisualStudioVersion = 10.0.40219.1
Project("{9A19103F-16F7-4668-BE54-9A1E7A4F7556}") = "Ruffle", "Ruffle.csproj", "{C7585B44-BD41-4479-AB21-68BE92699B2B}"
EndProject
Project("{FAE04EC0-301F-11D3-BF4B-00C04F79EFBC}") = "Backend", "..\Backend\Backend.csproj", "{2F4964BE-CD87-4ECE-A31A-A9334E1EB26D}"
EndProject
Global
	GlobalSection(SolutionConfigurationPlatforms) = preSolution
		Debug|Any CPU = Debug|Any CPU
		Release|Any CPU = Release|Any CPU
	EndGlobalSection
	GlobalSection(ProjectConfigurationPlatforms) = postSolution
		{C7585B44-BD41-4479-AB21-68BE92699B2B}.Debug|Any CPU.ActiveCfg = Debug|Any CPU
		{C7585B44-BD41-4479-AB21-68BE92699B2B}.Debug|Any CPU.Build.0 = Debug|Any CPU
		{C7585B44-BD41-4479-AB21-68BE92699B2B}.Release|Any CPU.ActiveCfg = Release|Any CPU
		{C7585B44-BD41-4479-AB21-68BE92699B2B}.Release|Any CPU.Build.0 = Release|Any CPU
		{2F4964BE-CD87-4ECE-A31A-A9334E1EB26D}.Debug|Any CPU.ActiveCfg = Debug|Any CPU
		{2F4964BE-CD87-4ECE-A31A-A9334E1EB26D}.Debug|Any CPU.Build.0 = Debug|Any CPU
		{2F4964BE-CD87-4ECE-A31A-A9334E1EB26D}.Release|Any CPU.ActiveCfg = Release|Any CPU
		{2F4964BE-CD87-4ECE-A31A-A9334E1EB26D}.Release|Any CPU.Build.0 = Release|Any CPU
	EndGlobalSection
	GlobalSection(SolutionProperties) = preSolution
		HideSolutionNode = FALSE
	EndGlobalSection
	GlobalSection(ExtensibilityGlobals) = postSolution
		SolutionGuid = {C23EA437-6DFE-4C9A-B58E-E9AC4E267170}
	EndGlobalSection
EndGlobal
